
Microsoft Visual Studio Solution File, Format Version 12.00
# Visual Studio Version 17
VisualStudioVersion = 17.8.34316.72
MinimumVisualStudioVersion = 10.0.40219.1
Project("{9A19103F-16F7-4668-BE54-9A1E7A4F7556}") = "BizhawkRemotePlay", "src\BizhawkRemotePlay.csproj", "{D35D8333-9EDA-4F4C-92BD-0662BA0D97A7}"
EndProject
Project("{FAE04EC0-301F-11D3-BF4B-00C04F79EFBC}") = "RemotePlayTests", "Tests\RemotePlayTests.csproj", "{6C60E56D-4D67-4D30-BC27-ABF613A68062}"
EndProject
Global
	GlobalSection(SolutionConfigurationPlatforms) = preSolution
		Debug|Any CPU = Debug|Any CPU
		Release|Any CPU = Release|Any CPU
	EndGlobalSection
	GlobalSection(ProjectConfigurationPlatforms) = postSolution
		{D35D8333-9EDA-4F4C-92BD-0662BA0D97A7}.Debug|Any CPU.ActiveCfg = Debug|Any CPU
		{D35D8333-9EDA-4F4C-92BD-0662BA0D97A7}.Debug|Any CPU.Build.0 = Debug|Any CPU
		{D35D8333-9EDA-4F4C-92BD-0662BA0D97A7}.Release|Any CPU.ActiveCfg = Release|Any CPU
		{D35D8333-9EDA-4F4C-92BD-0662BA0D97A7}.Release|Any CPU.Build.0 = Release|Any CPU
		{6C60E56D-4D67-4D30-BC27-ABF613A68062}.Debug|Any CPU.ActiveCfg = Debug|Any CPU
		{6C60E56D-4D67-4D30-BC27-ABF613A68062}.Debug|Any CPU.Build.0 = Debug|Any CPU
		{6C60E56D-4D67-4D30-BC27-ABF613A68062}.Release|Any CPU.ActiveCfg = Release|Any CPU
		{6C60E56D-4D67-4D30-BC27-ABF613A68062}.Release|Any CPU.Build.0 = Release|Any CPU
	EndGlobalSection
	GlobalSection(SolutionProperties) = preSolution
		HideSolutionNode = FALSE
	EndGlobalSection
	GlobalSection(ExtensibilityGlobals) = postSolution
		SolutionGuid = {D0025FC7-921F-49FB-B04B-BBFA82ECC6DC}
	EndGlobalSection
EndGlobal
